// !$*UTF8*$!
{
	archiveVersion = 1;
	classes = {
	};
	objectVersion = 46;
	objects = {

/* Begin PBXBuildFile section */
		57D260231CEAF4B000EB15DD /* main.cpp in Sources */ = {isa = PBXBuildFile; fileRef = 57D260221CEAF4B000EB15DD /* main.cpp */; };
/* End PBXBuildFile section */

/* Begin PBXCopyFilesBuildPhase section */
		57D2601D1CEAF4B000EB15DD /* CopyFiles */ = {
			isa = PBXCopyFilesBuildPhase;
			buildActionMask = 2147483647;
			dstPath = /usr/share/man/man1/;
			dstSubfolderSpec = 0;
			files = (
			);
			runOnlyForDeploymentPostprocessing = 1;
		};
/* End PBXCopyFilesBuildPhase section */

/* Begin PBXFileReference section */
		57D2601F1CEAF4B000EB15DD /* tic-tac-toe(Reinforcement Learning) */ = {isa = PBXFileReference; explicitFileType = "compiled.mach-o.executable"; includeInIndex = 0; path = "tic-tac-toe(Reinforcement Learning)"; sourceTree = BUILT_PRODUCTS_DIR; };
		57D260221CEAF4B000EB15DD /* main.cpp */ = {isa = PBXFileReference; lastKnownFileType = sourcecode.cpp.cpp; path = main.cpp; sourceTree = "<group>"; };
/* End PBXFileReference section */

/* Begin PBXFrameworksBuildPhase section */
		57D2601C1CEAF4B000EB15DD /* Frameworks */ = {
			isa = PBXFrameworksBuildPhase;
			buildActionMask = 2147483647;
			files = (
			);
			runOnlyForDeploymentPostprocessing = 0;
		};
/* End PBXFrameworksBuildPhase section */

/* Begin PBXGroup section */
		57D260161CEAF4B000EB15DD = {
			isa = PBXGroup;
			children = (
				57D260211CEAF4B000EB15DD /* tic-tac-toe(Reinforcement Learning) */,
				57D260201CEAF4B000EB15DD /* Products */,
			);
			sourceTree = "<group>";
		};
		57D260201CEAF4B000EB15DD /* Products */ = {
			isa = PBXGroup;
			children = (
				57D2601F1CEAF4B000EB15DD /* tic-tac-toe(Reinforcement Learning) */,
			);
			name = Products;
			sourceTree = "<group>";
		};
		57D260211CEAF4B000EB15DD /* tic-tac-toe(Reinforcement Learning) */ = {
			isa = PBXGroup;
			children = (
				57D260221CEAF4B000EB15DD /* main.cpp */,
			);
			path = "tic-tac-toe(Reinforcement Learning)";
			sourceTree = "<group>";
		};
/* End PBXGroup section */

/* Begin PBXNativeTarget section */
		57D2601E1CEAF4B000EB15DD /* tic-tac-toe(Reinforcement Learning) */ = {
			isa = PBXNativeTarget;
			buildConfigurationList = 57D260261CEAF4B000EB15DD /* Build configuration list for PBXNativeTarget "tic-tac-toe(Reinforcement Learning)" */;
			buildPhases = (
				57D2601B1CEAF4B000EB15DD /* Sources */,
				57D2601C1CEAF4B000EB15DD /* Frameworks */,
				57D2601D1CEAF4B000EB15DD /* CopyFiles */,
			);
			buildRules = (
			);
			dependencies = (
			);
			name = "tic-tac-toe(Reinforcement Learning)";
			productName = "tic-tac-toe(Reinforcement Learning)";
			productReference = 57D2601F1CEAF4B000EB15DD /* tic-tac-toe(Reinforcement Learning) */;
			productType = "com.apple.product-type.tool";
		};
/* End PBXNativeTarget section */

/* Begin PBXProject section */
		57D260171CEAF4B000EB15DD /* Project object */ = {
			isa = PBXProject;
			attributes = {
				LastUpgradeCheck = 0730;
				ORGANIZATIONNAME = "黄正跃";
				TargetAttributes = {
					57D2601E1CEAF4B000EB15DD = {
						CreatedOnToolsVersion = 7.3.1;
					};
				};
			};
			buildConfigurationList = 57D2601A1CEAF4B000EB15DD /* Build configuration list for PBXProject "tic-tac-toe(Reinforcement Learning)" */;
			compatibilityVersion = "Xcode 3.2";
			developmentRegion = English;
			hasScannedForEncodings = 0;
			knownRegions = (
				en,
			);
			mainGroup = 57D260161CEAF4B000EB15DD;
			productRefGroup = 57D260201CEAF4B000EB15DD /* Products */;
			projectDirPath = "";
			projectRoot = "";
			targets = (
				57D2601E1CEAF4B000EB15DD /* tic-tac-toe(Reinforcement Learning) */,
			);
		};
/* End PBXProject section */

/* Begin PBXSourcesBuildPhase section */
		57D2601B1CEAF4B000EB15DD /* Sources */ = {
			isa = PBXSourcesBuildPhase;
			buildActionMask = 2147483647;
			files = (
				57D260231CEAF4B000EB15DD /* main.cpp in Sources */,
			);
			runOnlyForDeploymentPostprocessing = 0;
		};
/* End PBXSourcesBuildPhase section */

/* Begin XCBuildConfiguration section */
		57D260241CEAF4B000EB15DD /* Debug */ = {
			isa = XCBuildConfiguration;
			buildSettings = {
				ALWAYS_SEARCH_USER_PATHS = NO;
				CLANG_ANALYZER_NONNULL = YES;
				CLANG_CXX_LANGUAGE_STANDARD = "gnu++0x";
				CLANG_CXX_LIBRARY = "libc++";
				CLANG_ENABLE_MODULES = YES;
				CLANG_ENABLE_OBJC_ARC = YES;
				CLANG_WARN_BOOL_CONVERSION = YES;
				CLANG_WARN_CONSTANT_CONVERSION = YES;
				CLANG_WARN_DIRECT_OBJC_ISA_USAGE = YES_ERROR;
				CLANG_WARN_EMPTY_BODY = YES;
				CLANG_WARN_ENUM_CONVERSION = YES;
				CLANG_WARN_INT_CONVERSION = YES;
				CLANG_WARN_OBJC_ROOT_CLASS = YES_ERROR;
				CLANG_WARN_UNREACHABLE_CODE = YES;
				CLANG_WARN__DUPLICATE_METHOD_MATCH = YES;
				CODE_SIGN_IDENTITY = "-";
				COPY_PHASE_STRIP = NO;
				DEBUG_INFORMATION_FORMAT = dwarf;
				ENABLE_STRICT_OBJC_MSGSEND = YES;
				ENABLE_TESTABILITY = YES;
				GCC_C_LANGUAGE_STANDARD = gnu99;
				GCC_DYNAMIC_NO_PIC = NO;
				GCC_NO_COMMON_BLOCKS = YES;
				GCC_OPTIMIZATION_LEVEL = 0;
				GCC_PREPROCESSOR_DEFINITIONS = (
					"DEBUG=1",
					"$(inherited)",
				);
				GCC_WARN_64_TO_32_BIT_CONVERSION = YES;
				GCC_WARN_ABOUT_RETURN_TYPE = YES_ERROR;
				GCC_WARN_UNDECLARED_SELECTOR = YES;
				GCC_WARN_UNINITIALIZED_AUTOS = YES_AGGRESSIVE;
				GCC_WARN_UNUSED_FUNCTION = YES;
				GCC_WARN_UNUSED_VARIABLE = YES;
				MACOSX_DEPLOYMENT_TARGET = 10.11;
				MTL_ENABLE_DEBUG_INFO = YES;
				ONLY_ACTIVE_ARCH = YES;
				SDKROOT = macosx;
			};
			name = Debug;
		};
		57D260251CEAF4B000EB15DD /* Release */ = {
			isa = XCBuildConfiguration;
			buildSettings = {
				ALWAYS_SEARCH_USER_PATHS = NO;
				CLANG_ANALYZER_NONNULL = YES;
				CLANG_CXX_LANGUAGE_STANDARD = "gnu++0x";
				CLANG_CXX_LIBRARY = "libc++";
				CLANG_ENABLE_MODULES = YES;
				CLANG_ENABLE_OBJC_ARC = YES;
				CLANG_WARN_BOOL_CONVERSION = YES;
				CLANG_WARN_CONSTANT_CONVERSION = YES;
				CLANG_WARN_DIRECT_OBJC_ISA_USAGE = YES_ERROR;
				CLANG_WARN_EMPTY_BODY = YES;
				CLANG_WARN_ENUM_CONVERSION = YES;
				CLANG_WARN_INT_CONVERSION = YES;
				CLANG_WARN_OBJC_ROOT_CLASS = YES_ERROR;
				CLANG_WARN_UNREACHABLE_CODE = YES;
				CLANG_WARN__DUPLICATE_METHOD_MATCH = YES;
				CODE_SIGN_IDENTITY = "-";
				COPY_PHASE_STRIP = NO;
				DEBUG_INFORMATION_FORMAT = "dwarf-with-dsym";
				ENABLE_NS_ASSERTIONS = NO;
				ENABLE_STRICT_OBJC_MSGSEND = YES;
				GCC_C_LANGUAGE_STANDARD = gnu99;
				GCC_NO_COMMON_BLOCKS = YES;
				GCC_WARN_64_TO_32_BIT_CONVERSION = YES;
				GCC_WARN_ABOUT_RETURN_TYPE = YES_ERROR;
				GCC_WARN_UNDECLARED_SELECTOR = YES;
				GCC_WARN_UNINITIALIZED_AUTOS = YES_AGGRESSIVE;
				GCC_WARN_UNUSED_FUNCTION = YES;
				GCC_WARN_UNUSED_VARIABLE = YES;
				MACOSX_DEPLOYMENT_TARGET = 10.11;
				MTL_ENABLE_DEBUG_INFO = NO;
				SDKROOT = macosx;
			};
			name = Release;
		};
		57D260271CEAF4B000EB15DD /* Debug */ = {
			isa = XCBuildConfiguration;
			buildSettings = {
				PRODUCT_NAME = "$(TARGET_NAME)";
			};
			name = Debug;
		};
		57D260281CEAF4B000EB15DD /* Release */ = {
			isa = XCBuildConfiguration;
			buildSettings = {
				PRODUCT_NAME = "$(TARGET_NAME)";
			};
			name = Release;
		};
/* End XCBuildConfiguration section */

/* Begin XCConfigurationList section */
		57D2601A1CEAF4B000EB15DD /* Build configuration list for PBXProject "tic-tac-toe(Reinforcement Learning)" */ = {
			isa = XCConfigurationList;
			buildConfigurations = (
				57D260241CEAF4B000EB15DD /* Debug */,
				57D260251CEAF4B000EB15DD /* Release */,
			);
			defaultConfigurationIsVisible = 0;
			defaultConfigurationName = Release;
		};
		57D260261CEAF4B000EB15DD /* Build configuration list for PBXNativeTarget "tic-tac-toe(Reinforcement Learning)" */ = {
			isa = XCConfigurationList;
			buildConfigurations = (
				57D260271CEAF4B000EB15DD /* Debug */,
				57D260281CEAF4B000EB15DD /* Release */,
			);
			defaultConfigurationIsVisible = 0;
		};
/* End XCConfigurationList section */
	};
	rootObject = 57D260171CEAF4B000EB15DD /* Project object */;
}
