// !$*UTF8*$!
{
	archiveVersion = 1;
	classes = {
	};
	objectVersion = 46;
	objects = {

/* Begin PBXBuildFile section */
		4CB28AFB1CF605EA001F01A7 /* MinimaxMachine.cpp in Sources */ = {isa = PBXBuildFile; fileRef = 4CB28AF91CF605EA001F01A7 /* MinimaxMachine.cpp */; };
		4CB28AFD1CF61253001F01A7 /* Chessboard.cpp in Sources */ = {isa = PBXBuildFile; fileRef = 4CB28AFC1CF61253001F01A7 /* Chessboard.cpp */; };
		5716BFA51CF1FED700EE10A1 /* ConsoleDisplay.cpp in Sources */ = {isa = PBXBuildFile; fileRef = 5716BFA41CF1FED700EE10A1 /* ConsoleDisplay.cpp */; };
		57D260231CEAF4B000EB15DD /* main.cpp in Sources */ = {isa = PBXBuildFile; fileRef = 57D260221CEAF4B000EB15DD /* main.cpp */; };
		57D2602E1CEAF5BF00EB15DD /* GameManager.cpp in Sources */ = {isa = PBXBuildFile; fileRef = 57D2602D1CEAF5BF00EB15DD /* GameManager.cpp */; };
		57D260331CEAF67E00EB15DD /* QlearningMachine.cpp in Sources */ = {isa = PBXBuildFile; fileRef = 57D260321CEAF67E00EB15DD /* QlearningMachine.cpp */; };
		57D260371CEAF6E800EB15DD /* HumanPlayer.cpp in Sources */ = {isa = PBXBuildFile; fileRef = 57D260361CEAF6E800EB15DD /* HumanPlayer.cpp */; };
/* End PBXBuildFile section */

/* Begin PBXCopyFilesBuildPhase section */
		57D2601D1CEAF4B000EB15DD /* CopyFiles */ = {
			isa = PBXCopyFilesBuildPhase;
			buildActionMask = 2147483647;
			dstPath = /usr/share/man/man1/;
			dstSubfolderSpec = 0;
			files = (
			);
			runOnlyForDeploymentPostprocessing = 1;
		};
/* End PBXCopyFilesBuildPhase section */

/* Begin PBXFileReference section */
		4CB28AF91CF605EA001F01A7 /* MinimaxMachine.cpp */ = {isa = PBXFileReference; fileEncoding = 4; lastKnownFileType = sourcecode.cpp.cpp; path = MinimaxMachine.cpp; sourceTree = "<group>"; };
		4CB28AFA1CF605EA001F01A7 /* MinimaxMachine.h */ = {isa = PBXFileReference; fileEncoding = 4; lastKnownFileType = sourcecode.c.h; path = MinimaxMachine.h; sourceTree = "<group>"; };
		4CB28AFC1CF61253001F01A7 /* Chessboard.cpp */ = {isa = PBXFileReference; fileEncoding = 4; lastKnownFileType = sourcecode.cpp.cpp; path = Chessboard.cpp; sourceTree = "<group>"; };
		4CB28AFE1CF6126D001F01A7 /* Chessboard.h */ = {isa = PBXFileReference; fileEncoding = 4; lastKnownFileType = sourcecode.c.h; path = Chessboard.h; sourceTree = "<group>"; };
		4CB28B001CF72284001F01A7 /* DataCollection.h */ = {isa = PBXFileReference; lastKnownFileType = sourcecode.c.h; path = DataCollection.h; sourceTree = "<group>"; };
		4CB28B021CFBD5B0001F01A7 /* RandomMachine.h */ = {isa = PBXFileReference; lastKnownFileType = sourcecode.c.h; path = RandomMachine.h; sourceTree = "<group>"; };
		5716BFA01CF1903200EE10A1 /* Display.h */ = {isa = PBXFileReference; lastKnownFileType = sourcecode.c.h; path = Display.h; sourceTree = "<group>"; };
		5716BFA41CF1FED700EE10A1 /* ConsoleDisplay.cpp */ = {isa = PBXFileReference; fileEncoding = 4; lastKnownFileType = sourcecode.cpp.cpp; path = ConsoleDisplay.cpp; sourceTree = "<group>"; };
		5716BFA61CF1FEDF00EE10A1 /* ConsoleDisplay.h */ = {isa = PBXFileReference; lastKnownFileType = sourcecode.c.h; path = ConsoleDisplay.h; sourceTree = "<group>"; };
		57D2601F1CEAF4B000EB15DD /* tic-tac-toe(Reinforcement Learning) */ = {isa = PBXFileReference; explicitFileType = "compiled.mach-o.executable"; includeInIndex = 0; path = "tic-tac-toe(Reinforcement Learning)"; sourceTree = BUILT_PRODUCTS_DIR; };
		57D260221CEAF4B000EB15DD /* main.cpp */ = {isa = PBXFileReference; lastKnownFileType = sourcecode.cpp.cpp; path = main.cpp; sourceTree = "<group>"; };
		57D2602C1CEAF5B300EB15DD /* GameManager.h */ = {isa = PBXFileReference; lastKnownFileType = sourcecode.c.h; path = GameManager.h; sourceTree = "<group>"; };
		57D2602D1CEAF5BF00EB15DD /* GameManager.cpp */ = {isa = PBXFileReference; fileEncoding = 4; lastKnownFileType = sourcecode.cpp.cpp; path = GameManager.cpp; sourceTree = "<group>"; };
		57D260321CEAF67E00EB15DD /* QlearningMachine.cpp */ = {isa = PBXFileReference; fileEncoding = 4; lastKnownFileType = sourcecode.cpp.cpp; path = QlearningMachine.cpp; sourceTree = "<group>"; };
		57D260341CEAF68600EB15DD /* QlearningMachine.h */ = {isa = PBXFileReference; lastKnownFileType = sourcecode.c.h; path = QlearningMachine.h; sourceTree = "<group>"; };
		57D260351CEAF6D600EB15DD /* HumanPlayer.h */ = {isa = PBXFileReference; lastKnownFileType = sourcecode.c.h; path = HumanPlayer.h; sourceTree = "<group>"; };
		57D260361CEAF6E800EB15DD /* HumanPlayer.cpp */ = {isa = PBXFileReference; fileEncoding = 4; lastKnownFileType = sourcecode.cpp.cpp; path = HumanPlayer.cpp; sourceTree = "<group>"; };
		57D2603A1CEAF9E200EB15DD /* Player.h */ = {isa = PBXFileReference; lastKnownFileType = sourcecode.c.h; path = Player.h; sourceTree = "<group>"; };
		57D2603F1CEAFBE300EB15DD /* BaseDataStruct.h */ = {isa = PBXFileReference; lastKnownFileType = sourcecode.c.h; path = BaseDataStruct.h; sourceTree = "<group>"; xcLanguageSpecificationIdentifier = xcode.lang.objcpp; };
/* End PBXFileReference section */

/* Begin PBXFrameworksBuildPhase section */
		57D2601C1CEAF4B000EB15DD /* Frameworks */ = {
			isa = PBXFrameworksBuildPhase;
			buildActionMask = 2147483647;
			files = (
			);
			runOnlyForDeploymentPostprocessing = 0;
		};
/* End PBXFrameworksBuildPhase section */

/* Begin PBXGroup section */
		4CB28AF81CF605B5001F01A7 /* MinimaxMachine */ = {
			isa = PBXGroup;
			children = (
				4CB28AF91CF605EA001F01A7 /* MinimaxMachine.cpp */,
				4CB28AFA1CF605EA001F01A7 /* MinimaxMachine.h */,
				4CB28AFC1CF61253001F01A7 /* Chessboard.cpp */,
				4CB28AFE1CF6126D001F01A7 /* Chessboard.h */,
			);
			name = MinimaxMachine;
			sourceTree = "<group>";
		};
		4CB28AFF1CF72205001F01A7 /* DataCollection */ = {
			isa = PBXGroup;
			children = (
				4CB28B001CF72284001F01A7 /* DataCollection.h */,
			);
			name = DataCollection;
			sourceTree = "<group>";
		};
		4CB28B011CFBD569001F01A7 /* RandomMachine */ = {
			isa = PBXGroup;
			children = (
				4CB28B021CFBD5B0001F01A7 /* RandomMachine.h */,
			);
			name = RandomMachine;
			sourceTree = "<group>";
		};
		5716BFA31CF1FE9F00EE10A1 /* DisplaySystem */ = {
			isa = PBXGroup;
			children = (
				5716BFA01CF1903200EE10A1 /* Display.h */,
				5716BFA41CF1FED700EE10A1 /* ConsoleDisplay.cpp */,
				5716BFA61CF1FEDF00EE10A1 /* ConsoleDisplay.h */,
			);
			name = DisplaySystem;
			sourceTree = "<group>";
		};
		5716BFA81CF2135900EE10A1 /* Instructor */ = {
			isa = PBXGroup;
			children = (
			);
			name = Instructor;
			sourceTree = "<group>";
		};
		57D260161CEAF4B000EB15DD = {
			isa = PBXGroup;
			children = (
				57D260211CEAF4B000EB15DD /* tic-tac-toe(Reinforcement Learning) */,
				57D260201CEAF4B000EB15DD /* Products */,
			);
			sourceTree = "<group>";
		};
		57D260201CEAF4B000EB15DD /* Products */ = {
			isa = PBXGroup;
			children = (
				57D2601F1CEAF4B000EB15DD /* tic-tac-toe(Reinforcement Learning) */,
			);
			name = Products;
			sourceTree = "<group>";
		};
		57D260211CEAF4B000EB15DD /* tic-tac-toe(Reinforcement Learning) */ = {
			isa = PBXGroup;
			children = (
				4CB28AFF1CF72205001F01A7 /* DataCollection */,
				5716BFA81CF2135900EE10A1 /* Instructor */,
				5716BFA31CF1FE9F00EE10A1 /* DisplaySystem */,
				57D260221CEAF4B000EB15DD /* main.cpp */,
				57D2603E1CEAFB0200EB15DD /* BaseDataStruct */,
				57D2602C1CEAF5B300EB15DD /* GameManager.h */,
				57D2602D1CEAF5BF00EB15DD /* GameManager.cpp */,
				57D2603D1CEAF9FC00EB15DD /* Player */,
			);
			path = "tic-tac-toe(Reinforcement Learning)";
			sourceTree = "<group>";
		};
		57D260381CEAF70100EB15DD /* QlearningMachine */ = {
			isa = PBXGroup;
			children = (
				57D260321CEAF67E00EB15DD /* QlearningMachine.cpp */,
				57D260341CEAF68600EB15DD /* QlearningMachine.h */,
			);
			name = QlearningMachine;
			sourceTree = "<group>";
		};
		57D260391CEAF72100EB15DD /* HumanPlayer */ = {
			isa = PBXGroup;
			children = (
				57D260351CEAF6D600EB15DD /* HumanPlayer.h */,
				57D260361CEAF6E800EB15DD /* HumanPlayer.cpp */,
			);
			name = HumanPlayer;
			sourceTree = "<group>";
		};
		57D2603D1CEAF9FC00EB15DD /* Player */ = {
			isa = PBXGroup;
			children = (
				4CB28B011CFBD569001F01A7 /* RandomMachine */,
				4CB28AF81CF605B5001F01A7 /* MinimaxMachine */,
				57D260381CEAF70100EB15DD /* QlearningMachine */,
				57D260391CEAF72100EB15DD /* HumanPlayer */,
				57D2603A1CEAF9E200EB15DD /* Player.h */,
			);
			name = Player;
			sourceTree = "<group>";
		};
		57D2603E1CEAFB0200EB15DD /* BaseDataStruct */ = {
			isa = PBXGroup;
			children = (
				57D2603F1CEAFBE300EB15DD /* BaseDataStruct.h */,
			);
			name = BaseDataStruct;
			sourceTree = "<group>";
		};
/* End PBXGroup section */

/* Begin PBXNativeTarget section */
		57D2601E1CEAF4B000EB15DD /* tic-tac-toe(Reinforcement Learning) */ = {
			isa = PBXNativeTarget;
			buildConfigurationList = 57D260261CEAF4B000EB15DD /* Build configuration list for PBXNativeTarget "tic-tac-toe(Reinforcement Learning)" */;
			buildPhases = (
				57D2601B1CEAF4B000EB15DD /* Sources */,
				57D2601C1CEAF4B000EB15DD /* Frameworks */,
				57D2601D1CEAF4B000EB15DD /* CopyFiles */,
			);
			buildRules = (
			);
			dependencies = (
			);
			name = "tic-tac-toe(Reinforcement Learning)";
			productName = "tic-tac-toe(Reinforcement Learning)";
			productReference = 57D2601F1CEAF4B000EB15DD /* tic-tac-toe(Reinforcement Learning) */;
			productType = "com.apple.product-type.tool";
		};
/* End PBXNativeTarget section */

/* Begin PBXProject section */
		57D260171CEAF4B000EB15DD /* Project object */ = {
			isa = PBXProject;
			attributes = {
				LastUpgradeCheck = 0730;
				ORGANIZATIONNAME = "黄正跃";
				TargetAttributes = {
					57D2601E1CEAF4B000EB15DD = {
						CreatedOnToolsVersion = 7.3.1;
					};
				};
			};
			buildConfigurationList = 57D2601A1CEAF4B000EB15DD /* Build configuration list for PBXProject "tic-tac-toe(Reinforcement Learning)" */;
			compatibilityVersion = "Xcode 3.2";
			developmentRegion = English;
			hasScannedForEncodings = 0;
			knownRegions = (
				en,
			);
			mainGroup = 57D260161CEAF4B000EB15DD;
			productRefGroup = 57D260201CEAF4B000EB15DD /* Products */;
			projectDirPath = "";
			projectRoot = "";
			targets = (
				57D2601E1CEAF4B000EB15DD /* tic-tac-toe(Reinforcement Learning) */,
			);
		};
/* End PBXProject section */

/* Begin PBXSourcesBuildPhase section */
		57D2601B1CEAF4B000EB15DD /* Sources */ = {
			isa = PBXSourcesBuildPhase;
			buildActionMask = 2147483647;
			files = (
				4CB28AFD1CF61253001F01A7 /* Chessboard.cpp in Sources */,
				57D260371CEAF6E800EB15DD /* HumanPlayer.cpp in Sources */,
				4CB28AFB1CF605EA001F01A7 /* MinimaxMachine.cpp in Sources */,
				5716BFA51CF1FED700EE10A1 /* ConsoleDisplay.cpp in Sources */,
				57D2602E1CEAF5BF00EB15DD /* GameManager.cpp in Sources */,
				57D260231CEAF4B000EB15DD /* main.cpp in Sources */,
				57D260331CEAF67E00EB15DD /* QlearningMachine.cpp in Sources */,
			);
			runOnlyForDeploymentPostprocessing = 0;
		};
/* End PBXSourcesBuildPhase section */

/* Begin XCBuildConfiguration section */
		57D260241CEAF4B000EB15DD /* Debug */ = {
			isa = XCBuildConfiguration;
			buildSettings = {
				ALWAYS_SEARCH_USER_PATHS = NO;
				CLANG_ANALYZER_NONNULL = YES;
				CLANG_CXX_LANGUAGE_STANDARD = "gnu++0x";
				CLANG_CXX_LIBRARY = "libc++";
				CLANG_ENABLE_MODULES = YES;
				CLANG_ENABLE_OBJC_ARC = YES;
				CLANG_WARN_BOOL_CONVERSION = YES;
				CLANG_WARN_CONSTANT_CONVERSION = YES;
				CLANG_WARN_DIRECT_OBJC_ISA_USAGE = YES_ERROR;
				CLANG_WARN_EMPTY_BODY = YES;
				CLANG_WARN_ENUM_CONVERSION = YES;
				CLANG_WARN_INT_CONVERSION = YES;
				CLANG_WARN_OBJC_ROOT_CLASS = YES_ERROR;
				CLANG_WARN_UNREACHABLE_CODE = YES;
				CLANG_WARN__DUPLICATE_METHOD_MATCH = YES;
				CODE_SIGN_IDENTITY = "-";
				COPY_PHASE_STRIP = NO;
				DEBUG_INFORMATION_FORMAT = dwarf;
				ENABLE_STRICT_OBJC_MSGSEND = YES;
				ENABLE_TESTABILITY = YES;
				GCC_C_LANGUAGE_STANDARD = gnu99;
				GCC_DYNAMIC_NO_PIC = NO;
				GCC_NO_COMMON_BLOCKS = YES;
				GCC_OPTIMIZATION_LEVEL = 0;
				GCC_PREPROCESSOR_DEFINITIONS = (
					"DEBUG=1",
					"$(inherited)",
				);
				GCC_WARN_64_TO_32_BIT_CONVERSION = YES;
				GCC_WARN_ABOUT_RETURN_TYPE = YES_ERROR;
				GCC_WARN_UNDECLARED_SELECTOR = YES;
				GCC_WARN_UNINITIALIZED_AUTOS = YES_AGGRESSIVE;
				GCC_WARN_UNUSED_FUNCTION = YES;
				GCC_WARN_UNUSED_VARIABLE = YES;
				MACOSX_DEPLOYMENT_TARGET = 10.11;
				MTL_ENABLE_DEBUG_INFO = YES;
				ONLY_ACTIVE_ARCH = YES;
				SDKROOT = macosx;
			};
			name = Debug;
		};
		57D260251CEAF4B000EB15DD /* Release */ = {
			isa = XCBuildConfiguration;
			buildSettings = {
				ALWAYS_SEARCH_USER_PATHS = NO;
				CLANG_ANALYZER_NONNULL = YES;
				CLANG_CXX_LANGUAGE_STANDARD = "gnu++0x";
				CLANG_CXX_LIBRARY = "libc++";
				CLANG_ENABLE_MODULES = YES;
				CLANG_ENABLE_OBJC_ARC = YES;
				CLANG_WARN_BOOL_CONVERSION = YES;
				CLANG_WARN_CONSTANT_CONVERSION = YES;
				CLANG_WARN_DIRECT_OBJC_ISA_USAGE = YES_ERROR;
				CLANG_WARN_EMPTY_BODY = YES;
				CLANG_WARN_ENUM_CONVERSION = YES;
				CLANG_WARN_INT_CONVERSION = YES;
				CLANG_WARN_OBJC_ROOT_CLASS = YES_ERROR;
				CLANG_WARN_UNREACHABLE_CODE = YES;
				CLANG_WARN__DUPLICATE_METHOD_MATCH = YES;
				CODE_SIGN_IDENTITY = "-";
				COPY_PHASE_STRIP = NO;
				DEBUG_INFORMATION_FORMAT = "dwarf-with-dsym";
				ENABLE_NS_ASSERTIONS = NO;
				ENABLE_STRICT_OBJC_MSGSEND = YES;
				GCC_C_LANGUAGE_STANDARD = gnu99;
				GCC_NO_COMMON_BLOCKS = YES;
				GCC_WARN_64_TO_32_BIT_CONVERSION = YES;
				GCC_WARN_ABOUT_RETURN_TYPE = YES_ERROR;
				GCC_WARN_UNDECLARED_SELECTOR = YES;
				GCC_WARN_UNINITIALIZED_AUTOS = YES_AGGRESSIVE;
				GCC_WARN_UNUSED_FUNCTION = YES;
				GCC_WARN_UNUSED_VARIABLE = YES;
				MACOSX_DEPLOYMENT_TARGET = 10.11;
				MTL_ENABLE_DEBUG_INFO = NO;
				SDKROOT = macosx;
			};
			name = Release;
		};
		57D260271CEAF4B000EB15DD /* Debug */ = {
			isa = XCBuildConfiguration;
			buildSettings = {
				PRODUCT_NAME = "$(TARGET_NAME)";
			};
			name = Debug;
		};
		57D260281CEAF4B000EB15DD /* Release */ = {
			isa = XCBuildConfiguration;
			buildSettings = {
				PRODUCT_NAME = "$(TARGET_NAME)";
			};
			name = Release;
		};
/* End XCBuildConfiguration section */

/* Begin XCConfigurationList section */
		57D2601A1CEAF4B000EB15DD /* Build configuration list for PBXProject "tic-tac-toe(Reinforcement Learning)" */ = {
			isa = XCConfigurationList;
			buildConfigurations = (
				57D260241CEAF4B000EB15DD /* Debug */,
				57D260251CEAF4B000EB15DD /* Release */,
			);
			defaultConfigurationIsVisible = 0;
			defaultConfigurationName = Release;
		};
		57D260261CEAF4B000EB15DD /* Build configuration list for PBXNativeTarget "tic-tac-toe(Reinforcement Learning)" */ = {
			isa = XCConfigurationList;
			buildConfigurations = (
				57D260271CEAF4B000EB15DD /* Debug */,
				57D260281CEAF4B000EB15DD /* Release */,
			);
			defaultConfigurationIsVisible = 0;
			defaultConfigurationName = Release;
		};
/* End XCConfigurationList section */
	};
	rootObject = 57D260171CEAF4B000EB15DD /* Project object */;
}
